
Microsoft Visual Studio Solution File, Format Version 12.00
# Visual Studio Version 16
VisualStudioVersion = 16.0.30413.136
MinimumVisualStudioVersion = 10.0.40219.1
Project("{FAE04EC0-301F-11D3-BF4B-00C04F79EFBC}") = "RuleEngine", "RuleEngine\RuleEngine.csproj", "{2A2267BC-16D6-452B-8B56-29EB40087DB7}"
EndProject
Project("{FAE04EC0-301F-11D3-BF4B-00C04F79EFBC}") = "Rules", "Rules\Rules.csproj", "{D6645380-9541-4303-8E09-20C511EA4C66}"
EndProject
Global
	GlobalSection(SolutionConfigurationPlatforms) = preSolution
		Debug|Any CPU = Debug|Any CPU
		Release|Any CPU = Release|Any CPU
	EndGlobalSection
	GlobalSection(ProjectConfigurationPlatforms) = postSolution
		{2A2267BC-16D6-452B-8B56-29EB40087DB7}.Debug|Any CPU.ActiveCfg = Debug|Any CPU
		{2A2267BC-16D6-452B-8B56-29EB40087DB7}.Debug|Any CPU.Build.0 = Debug|Any CPU
		{2A2267BC-16D6-452B-8B56-29EB40087DB7}.Release|Any CPU.ActiveCfg = Release|Any CPU
		{2A2267BC-16D6-452B-8B56-29EB40087DB7}.Release|Any CPU.Build.0 = Release|Any CPU
		{D6645380-9541-4303-8E09-20C511EA4C66}.Debug|Any CPU.ActiveCfg = Debug|Any CPU
		{D6645380-9541-4303-8E09-20C511EA4C66}.Debug|Any CPU.Build.0 = Debug|Any CPU
		{D6645380-9541-4303-8E09-20C511EA4C66}.Release|Any CPU.ActiveCfg = Release|Any CPU
		{D6645380-9541-4303-8E09-20C511EA4C66}.Release|Any CPU.Build.0 = Release|Any CPU
	EndGlobalSection
	GlobalSection(SolutionProperties) = preSolution
		HideSolutionNode = FALSE
	EndGlobalSection
	GlobalSection(ExtensibilityGlobals) = postSolution
		SolutionGuid = {54BA885C-EDE1-435C-AB5F-D53807C79686}
	EndGlobalSection
EndGlobal
