
Microsoft Visual Studio Solution File, Format Version 12.00
# Visual Studio 15
VisualStudioVersion = 15.0.28307.1259
MinimumVisualStudioVersion = 10.0.40219.1
Project("{FAE04EC0-301F-11D3-BF4B-00C04F79EFBC}") = "dot.net-core", "dot.net-core\dot.net-core.csproj", "{EC5A4E34-3D1A-498E-9355-6304C34E716B}"
EndProject
Global
	GlobalSection(SolutionConfigurationPlatforms) = preSolution
		Debug|Any CPU = Debug|Any CPU
		Release|Any CPU = Release|Any CPU
	EndGlobalSection
	GlobalSection(ProjectConfigurationPlatforms) = postSolution
		{EC5A4E34-3D1A-498E-9355-6304C34E716B}.Debug|Any CPU.ActiveCfg = Debug|Any CPU
		{EC5A4E34-3D1A-498E-9355-6304C34E716B}.Debug|Any CPU.Build.0 = Debug|Any CPU
		{EC5A4E34-3D1A-498E-9355-6304C34E716B}.Release|Any CPU.ActiveCfg = Release|Any CPU
		{EC5A4E34-3D1A-498E-9355-6304C34E716B}.Release|Any CPU.Build.0 = Release|Any CPU
	EndGlobalSection
	GlobalSection(SolutionProperties) = preSolution
		HideSolutionNode = FALSE
	EndGlobalSection
	GlobalSection(ExtensibilityGlobals) = postSolution
		SolutionGuid = {9205930C-467D-4C17-84AD-25007BEAF05B}
	EndGlobalSection
EndGlobal
